
Microsoft Visual Studio Solution File, Format Version 12.00
# Visual Studio 16
Project("{FAE04EC0-301F-11D3-BF4B-00C04F79EFBC}") = "Assembly-CSharp", "Assembly-CSharp.csproj", "{4A199F62-CFC7-C6C1-1F13-6C712A680859}"
EndProject
Project("{FAE04EC0-301F-11D3-BF4B-00C04F79EFBC}") = "Assembly-CSharp-Editor", "Assembly-CSharp-Editor.csproj", "{36C7C407-CF23-3CDC-791B-A261D3D77BFE}"
EndProject
Global
	GlobalSection(SolutionConfigurationPlatforms) = preSolution
		Debug|Any CPU = Debug|Any CPU
		Release|Any CPU = Release|Any CPU
	EndGlobalSection
	GlobalSection(ProjectConfigurationPlatforms) = postSolution
		{4A199F62-CFC7-C6C1-1F13-6C712A680859}.Debug|Any CPU.ActiveCfg = Debug|Any CPU
		{4A199F62-CFC7-C6C1-1F13-6C712A680859}.Debug|Any CPU.Build.0 = Debug|Any CPU
		{4A199F62-CFC7-C6C1-1F13-6C712A680859}.Release|Any CPU.ActiveCfg = Release|Any CPU
		{4A199F62-CFC7-C6C1-1F13-6C712A680859}.Release|Any CPU.Build.0 = Release|Any CPU
		{36C7C407-CF23-3CDC-791B-A261D3D77BFE}.Debug|Any CPU.ActiveCfg = Debug|Any CPU
		{36C7C407-CF23-3CDC-791B-A261D3D77BFE}.Debug|Any CPU.Build.0 = Debug|Any CPU
		{36C7C407-CF23-3CDC-791B-A261D3D77BFE}.Release|Any CPU.ActiveCfg = Release|Any CPU
		{36C7C407-CF23-3CDC-791B-A261D3D77BFE}.Release|Any CPU.Build.0 = Release|Any CPU
	EndGlobalSection
	GlobalSection(SolutionProperties) = preSolution
		HideSolutionNode = FALSE
	EndGlobalSection
EndGlobal
